# THIS IS AN AUTOGENERATED FILE. DO NOT EDIT THIS FILE DIRECTLY.
# yarn lockfile v1


"js-tokens@^3.0.0 || ^4.0.0":
  version "4.0.0"
  resolved "https://registry.yarnpkg.com/js-tokens/-/js-tokens-4.0.0.tgz#19203fb59991df98e3a287050d4647cdeaf32499"
  integrity sha512-RdJUflcE3cUzKiMqQgsCu06FPu9UdIJO0beYbPhHN4k6apgJtifcoCtT9bcxOpYBtpD2kCM6Sbzg4CausW/PKQ==

loose-envify@^1.1.0:
  version "1.4.0"
  resolved "https://registry.yarnpkg.com/loose-envify/-/loose-envify-1.4.0.tgz#71ee51fa7be4caec1a63839f7e682d8132d30caf"
  integrity sha512-lyuxPGr/Wfhrlem2CL/UcnUc1zcqKAImBDzukY7Y5F/yQiNdko6+fRLevlw1HgMySw7f611UIY408EtxRSoK3Q==
  dependencies:
    js-tokens "^3.0.0 || ^4.0.0"

react@^18.2.0:
  version "18.2.0"
  resolved "https://registry.yarnpkg.com/react/-/react-18.2.0.tgz#555bd98592883255fa00de14f1151a917b5d77d5"
  integrity sha512-/3IjMdb2L9QbBdWiW5e3P2/npwMBaU9mHCSCUzNln0ZCYbcfTsGbTJrU/kGemdH2IWmB2ioZ+zkxtmq6g09fGQ==
  dependencies:
    loose-envify "^1.1.0"

"vtex.product-context@http://vtex.vtexassets.com/_v/public/typings/v1/vtex.product-context@0.10.0/public/@types/vtex.product-context":
  version "0.10.0"
  resolved "http://vtex.vtexassets.com/_v/public/typings/v1/vtex.product-context@0.10.0/public/@types/vtex.product-context#c5e2a97b404004681ee12f4fff7e6b62157786cc"

"vtex.product-identifier@http://vtex.vtexassets.com/_v/public/typings/v1/vtex.product-identifier@0.4.0/public/@types/vtex.product-identifier":
  version "0.4.0"
  resolved "http://vtex.vtexassets.com/_v/public/typings/v1/vtex.product-identifier@0.4.0/public/@types/vtex.product-identifier#ad8ae45d5816e5424f5156c4a2d4ee98c84a1f6d"

"vtex.product-kit@http://vtex.vtexassets.com/_v/public/typings/v1/vtex.product-kit@1.10.2/public/_types/react":
  version "0.0.0"
  resolved "http://vtex.vtexassets.com/_v/public/typings/v1/vtex.product-kit@1.10.2/public/_types/react#fa7a0347e046eab3dd768998fc9252b2c0dd5aef"

"vtex.product-list@http://vtex.vtexassets.com/_v/public/typings/v1/vtex.product-list@0.35.1/public/@types/vtex.product-list":
  version "0.35.1"
  resolved "http://vtex.vtexassets.com/_v/public/typings/v1/vtex.product-list@0.35.1/public/@types/vtex.product-list#1f7363bbde3bce1a0f58b2f9bdad8c632aac496d"

"vtex.product-price@http://vtex.vtexassets.com/_v/public/typings/v1/vtex.product-price@1.29.0/public/@types/vtex.product-price":
  version "1.29.0"
  resolved "http://vtex.vtexassets.com/_v/public/typings/v1/vtex.product-price@1.29.0/public/@types/vtex.product-price#5c16a7700bc23b03ad1af685dac22bda36b1cd53"

"vtex.product-quantity@http://vtex.vtexassets.com/_v/public/typings/v1/vtex.product-quantity@1.8.1/public/@types/vtex.product-quantity":
  version "1.8.1"
  resolved "http://vtex.vtexassets.com/_v/public/typings/v1/vtex.product-quantity@1.8.1/public/@types/vtex.product-quantity#170c9cfb981d41dc99f1977467eebaac28f1945d"

"vtex.product-specification-badges@http://vtex.vtexassets.com/_v/public/typings/v1/vtex.product-specification-badges@0.3.0/public/@types/vtex.product-specification-badges":
  version "0.3.0"
  resolved "http://vtex.vtexassets.com/_v/public/typings/v1/vtex.product-specification-badges@0.3.0/public/@types/vtex.product-specification-badges#2df6b189acfabf642504df02d7b8ad406ee90c07"

"vtex.product-specifications@http://vtex.vtexassets.com/_v/public/typings/v1/vtex.product-specifications@1.1.1/public/@types/vtex.product-specifications":
  version "1.1.1"
  resolved "http://vtex.vtexassets.com/_v/public/typings/v1/vtex.product-specifications@1.1.1/public/@types/vtex.product-specifications#f680211515fcab9f5498804df9402369ef2dabb8"

"vtex.product-summary@http://vtex.vtexassets.com/_v/public/typings/v1/vtex.product-summary@2.80.1/public/@types/vtex.product-summary":
  version "2.80.1"
  resolved "http://vtex.vtexassets.com/_v/public/typings/v1/vtex.product-summary@2.80.1/public/@types/vtex.product-summary#1210c99a487010c96c987033056e81437dcb289a"

"vtex.reviews-and-ratings@http://vtex.vtexassets.com/_v/public/typings/v1/vtex.reviews-and-ratings@3.10.1/public/@types/vtex.reviews-and-ratings":
  version "3.10.1"
  resolved "http://vtex.vtexassets.com/_v/public/typings/v1/vtex.reviews-and-ratings@3.10.1/public/@types/vtex.reviews-and-ratings#158022e7fcb281d7c435ab1c1ff770681b8f03af"

"vtex.shelf@http://vtex.vtexassets.com/_v/public/typings/v1/vtex.shelf@1.47.2/public/@types/vtex.shelf":
  version "1.47.2"
  resolved "http://vtex.vtexassets.com/_v/public/typings/v1/vtex.shelf@1.47.2/public/@types/vtex.shelf#9b61c9584703c48d5fa0b7db12d13fe12e0a247c"
