# THIS IS AN AUTOGENERATED FILE. DO NOT EDIT THIS FILE DIRECTLY.
# yarn lockfile v1


"@iconify/react@^3.2.2":
  version "3.2.2"
  resolved "https://registry.npmjs.org/@iconify/react/-/react-3.2.2.tgz"
  integrity sha512-z3+Jno3VcJzgNHsN5mEvYMsgCkOZkydqdIwOxjXh45+i2Vs9RGH68Y52vt39izwFSfuYUXhaW+1u7m7+IhCn/g==

"@types/uuid@^8.3.0":
  version "8.3.4"
  resolved "https://registry.npmjs.org/@types/uuid/-/uuid-8.3.4.tgz"
  integrity sha512-c/I8ZRb51j+pYGAu5CrFMRxqZ2ke4y2grEBO5AUjgSkSk+qT2Ea+OdWElz/OiMf5MNpn2b17kuVBwZLQJXzihw==

"@vtex/css-handles@^1.0.0":
  version "1.1.3"
  resolved "https://registry.npmjs.org/@vtex/css-handles/-/css-handles-1.1.3.tgz"
  integrity sha512-DkqnzMf5jW6lQ1L8wYb9fnXyh0FqZym8qEokGYjeLUqBLBAiVK8XbI4U0ezFswWTOJ3iHZUkUjqPt5WodxR29w==

"@vtex/order-items@^0.6.6":
  version "0.6.6"
  resolved "https://registry.npmjs.org/@vtex/order-items/-/order-items-0.6.6.tgz"
  integrity sha512-lE5DS/z+EkXo58lxLoPa+AIxTg5Hm+mlE++3WqLOSHoNzpvN3DCl4Av1BND2TouQpJIFAa0r2xplh3iNLLIAuA==
  dependencies:
    "@types/uuid" "^8.3.0"
    "@vtex/order-manager" "^0.5.0"
    react "17.0.1"
    uuid "^8.3.2"

"@vtex/order-manager@^0.5.0":
  version "0.5.2"
  resolved "https://registry.npmjs.org/@vtex/order-manager/-/order-manager-0.5.2.tgz"
  integrity sha512-pHGe1V7OOqW6gg2Kmjay8tTGRNICQhd6qSjaP69hSgYUxO/eWXVeeofidij65arJk8o41B6CdpS14ZItsBp4Yw==
  dependencies:
    react "17.0.1"

"js-tokens@^3.0.0 || ^4.0.0":
  version "4.0.0"
  resolved "https://registry.npmjs.org/js-tokens/-/js-tokens-4.0.0.tgz"
  integrity sha512-RdJUflcE3cUzKiMqQgsCu06FPu9UdIJO0beYbPhHN4k6apgJtifcoCtT9bcxOpYBtpD2kCM6Sbzg4CausW/PKQ==

loose-envify@^1.1.0, loose-envify@^1.4.0:
  version "1.4.0"
  resolved "https://registry.npmjs.org/loose-envify/-/loose-envify-1.4.0.tgz"
  integrity sha512-lyuxPGr/Wfhrlem2CL/UcnUc1zcqKAImBDzukY7Y5F/yQiNdko6+fRLevlw1HgMySw7f611UIY408EtxRSoK3Q==
  dependencies:
    js-tokens "^3.0.0 || ^4.0.0"

object-assign@^4.1.1:
  version "4.1.1"
  resolved "https://registry.npmjs.org/object-assign/-/object-assign-4.1.1.tgz"
  integrity sha512-rJgTQnkUnH1sFw8yT6VSU3zD3sWmu6sZhIseY8VX+GRu3P6F7Fu+JNDoXfklElbLJSnc3FUQHVe4cU5hj+BcUg==

prop-types@^15.6.2:
  version "15.8.1"
  resolved "https://registry.npmjs.org/prop-types/-/prop-types-15.8.1.tgz"
  integrity sha512-oj87CgZICdulUohogVAR7AjlC0327U4el4L6eAvOqCeudMDVU0NThNaV+b9Df4dXgSP1gXMTnPdhfe/2qDH5cg==
  dependencies:
    loose-envify "^1.4.0"
    object-assign "^4.1.1"
    react-is "^16.13.1"

react-is@^16.13.1:
  version "16.13.1"
  resolved "https://registry.npmjs.org/react-is/-/react-is-16.13.1.tgz"
  integrity sha512-24e6ynE2H+OKt4kqsOvNd8kBpV65zoxbA4BVsEOB3ARVWQki/DHzaUoC5KuON/BiccDaCCTZBuOcfZs70kR8bQ==

react@17.0.1:
  version "17.0.1"
  resolved "https://registry.yarnpkg.com/react/-/react-17.0.1.tgz#6e0600416bd57574e3f86d92edba3d9008726127"
  integrity sha512-lG9c9UuMHdcAexXtigOZLX8exLWkW0Ku29qPRU8uhF2R9BN96dLCt0psvzPLlHc5OWkgymP3qwTRgbnw5BKx3w==
  dependencies:
    loose-envify "^1.1.0"
    object-assign "^4.1.1"

react@^16.12.0:
  version "16.14.0"
  resolved "https://registry.npmjs.org/react/-/react-16.14.0.tgz"
  integrity sha512-0X2CImDkJGApiAlcf0ODKIneSwBPhqJawOa5wCtKbu7ZECrmS26NvtSILynQ66cgkT/RJ4LidJOc3bUESwmU8g==
  dependencies:
    loose-envify "^1.1.0"
    object-assign "^4.1.1"
    prop-types "^15.6.2"

uuid@^8.3.2:
  version "8.3.2"
  resolved "https://registry.npmjs.org/uuid/-/uuid-8.3.2.tgz"
  integrity sha512-+NYs2QeMWy+GWFOEm9xnn6HCDp0l7QBD7ml8zLUmJ+93Q5NF0NocErnwkTkXVFNiX3/fpC6afS8Dhb/gz7R7eg==

"vtex.css-handles@http://vtex.vtexassets.com/_v/public/typings/v1/vtex.css-handles@1.0.0/public/@types/vtex.css-handles":
  version "1.0.0"
  resolved "http://vtex.vtexassets.com/_v/public/typings/v1/vtex.css-handles@1.0.0/public/@types/vtex.css-handles"
  integrity sha512-zJL6hjlnmY5IxLFO+cjjTYVIS4flXwMtYnQSen93psIXHEXwDp93P/67GKHTj6B7KHZylmzkxWR6aj9EnoktMA==

"vtex.product-context@http://vtex.vtexassets.com/_v/public/typings/v1/vtex.product-context@0.10.0/public/@types/vtex.product-context":
  version "0.10.0"
  resolved "http://vtex.vtexassets.com/_v/public/typings/v1/vtex.product-context@0.10.0/public/@types/vtex.product-context"
  integrity sha512-wib/8sXnd5mYRaYxL0NlCTAbyhq02VQLzhHPjW3ixA5uJn8+7TGTloBMpW2g0Pz3Avj/Y1Z98NDFSWz+nUKM6w==

"vtex.slider-layout@http://vtex.vtexassets.com/_v/public/typings/v1/vtex.slider-layout@0.22.2/public/@types/vtex.slider-layout":
  version "0.22.2"
  resolved "http://vtex.vtexassets.com/_v/public/typings/v1/vtex.slider-layout@0.22.2/public/@types/vtex.slider-layout"
  integrity sha512-31xgy7mWhkLUKogDxJ+hdgjZACEUd1kA2aG2fTH/l0ZpUQbANIdFZB3B5HiqirJmzG3ZoZGN19gKvJWxz/x0gw==
